{
  "lockfileVersion": 1,
  "workspaces": {
    "": {
      "name": "trmnl-api",
      "dependencies": {
        "hono": "^4.6.8",
      },
      "devDependencies": {
        "bun-types": "^1.1.26",
        "oxfmt": "^0.1.0",
        "oxlint": "^0.13.0",
        "typescript": "^5.6.3",
      },
    },
  },
  "packages": {
    "@oxfmt/darwin-arm64": ["@oxfmt/darwin-arm64@0.1.0", "", { "os": "darwin", "cpu": "arm64" }, "sha512-2WfpRpONx+9BSWYcLd6Jwru0/G/N+9xxF04kxoGf6iedtvvhfqCzSwRUWmjWFds/HDxsLLHTVP8+Yvcbl7J1aw=="],

    "@oxfmt/darwin-x64": ["@oxfmt/darwin-x64@0.1.0", "", { "os": "darwin", "cpu": "x64" }, "sha512-OH+nHIH7m4TiMZTNw3nM2FJfLVX3qL4C2zr+tOGvB+t9c1TGVZJ/fZ8+Yp3l9t3/La0hTi+wZOTFtqoOYFWfPw=="],

    "@oxfmt/linux-arm64-gnu": ["@oxfmt/linux-arm64-gnu@0.1.0", "", { "os": "linux", "cpu": "arm64" }, "sha512-6X1egidlOLmqNjaWx/SV3kR9pe0qZQczOxYUaKx4PHvsPaTuU7rrpxaEApcUIp3ocUJebMq5E23p5DQdjtcXLQ=="],

    "@oxfmt/linux-arm64-musl": ["@oxfmt/linux-arm64-musl@0.1.0", "", { "os": "linux", "cpu": "arm64" }, "sha512-Y4c/0b14XS152n+HlOVdSiGSkdO1SDE8Cm4UCNcSUMI7Vj/s4FW3VpkbuR5P4Nu1WZ+EmcB/0Eruh1CqvIo3oA=="],

    "@oxfmt/linux-x64-gnu": ["@oxfmt/linux-x64-gnu@0.1.0", "", { "os": "linux", "cpu": "x64" }, "sha512-9EWLMAW16uKtgmv05E7x/HKpECTsXSMJrHOBmu9nJM9e5BM2WaXwHhdurTnrieQDRIEx3nznNdOATWPhzJfzsw=="],

    "@oxfmt/linux-x64-musl": ["@oxfmt/linux-x64-musl@0.1.0", "", { "os": "linux", "cpu": "x64" }, "sha512-x4AX+3+uzpyxNzFE7EruPum3O1UAgoxAOjiflZ+8vtFppE0FxW0cVNeujhrL7/jb3KSnWrs9alVFcTuHjYKaRw=="],

    "@oxfmt/win32-arm64": ["@oxfmt/win32-arm64@0.1.0", "", { "os": "win32", "cpu": "arm64" }, "sha512-wPTCSeTV6GK6nuoRdt70L7CxPk+rwAStvRy0CqJDK24rikn6kHqoeJSHLZVnXMMcy46XH/4t7C80deWzJ/xg1g=="],

    "@oxfmt/win32-x64": ["@oxfmt/win32-x64@0.1.0", "", { "os": "win32", "cpu": "x64" }, "sha512-Lgg2fUst0T8Z6fluS2Cgpa4S181evt8/NNqst8V7fZetPVnirp9ZNkEg/iivKn5xlQVAm1aZYW9iP616wppQXQ=="],

    "@oxlint/darwin-arm64": ["@oxlint/darwin-arm64@0.13.2", "", { "os": "darwin", "cpu": "arm64" }, "sha512-Jbi2UX1xTFTpH/D6n15RzDSG/44oJ0FwrHWl96TsdD3PAOGxmm8LgcrsCU4d22TSN7ShDFB8y34MYplduRzhfA=="],

    "@oxlint/darwin-x64": ["@oxlint/darwin-x64@0.13.2", "", { "os": "darwin", "cpu": "x64" }, "sha512-ulA2vpNIM14VWJua6BjgX6l8nrjY8Un0uLqBLgELyDHMfpnC0HfrB2mR9PC9tRhb7+BEbgDLWTRs2aTV64eprw=="],

    "@oxlint/linux-arm64-gnu": ["@oxlint/linux-arm64-gnu@0.13.2", "", { "os": "linux", "cpu": "arm64" }, "sha512-iwguvPnIx/yIMc2IrwLeRflEFwyn+gcsNR8le5aX5DvQfHiB3/3x5JxOVl7Nd93lLsOg8RyVr2E11CxV10rKWw=="],

    "@oxlint/linux-arm64-musl": ["@oxlint/linux-arm64-musl@0.13.2", "", { "os": "linux", "cpu": "arm64" }, "sha512-YJVvVyuvUobgCmiE47kBwN6dymLcQBG5/NsEaCbVyYw5HQJN7Ywp/x4suaF4c6M9ItPCnLxEZ4Lwu5TkrkU3vQ=="],

    "@oxlint/linux-x64-gnu": ["@oxlint/linux-x64-gnu@0.13.2", "", { "os": "linux", "cpu": "x64" }, "sha512-w78gjd3ZJ+ahByS5gmN0jxFn/+G3W/oBJbyGFOuteXYcJwLj6JIyS0VhpMKxuAdFNCnsjJeDHSbdWaCV6VkA3A=="],

    "@oxlint/linux-x64-musl": ["@oxlint/linux-x64-musl@0.13.2", "", { "os": "linux", "cpu": "x64" }, "sha512-yedk6KQT3jtBzpzExo3Ib7NwfuugaaFKvk/EzXEojMQ5aYh6CNhmVmm+adzwBp4YyOeXQZxSPHQ1LcNwDCUJIA=="],

    "@oxlint/win32-arm64": ["@oxlint/win32-arm64@0.13.2", "", { "os": "win32", "cpu": "arm64" }, "sha512-KZvJ3uMWSCwkZtvOcO+K4mLmYU/jIcHUb00s8aPasG1taflbjINsq9ZUUj5LNigcDwJRZGUwNcvY5KuQ+E9WtQ=="],

    "@oxlint/win32-x64": ["@oxlint/win32-x64@0.13.2", "", { "os": "win32", "cpu": "x64" }, "sha512-G8FM8RTJRMt2dPRJ/TXhqIEu9k00vRAoh3DSV2r3o+jD8FZDBZXOgoDn2D0F9HqgFLEOVTxpfalmWntyk2hmyw=="],

    "@types/node": ["@types/node@25.0.9", "", { "dependencies": { "undici-types": "~7.16.0" } }, "sha512-/rpCXHlCWeqClNBwUhDcusJxXYDjZTyE8v5oTO7WbL8eij2nKhUeU89/6xgjU7N4/Vh3He0BtyhJdQbDyhiXAw=="],

    "bun-types": ["bun-types@1.3.6", "", { "dependencies": { "@types/node": "*" } }, "sha512-OlFwHcnNV99r//9v5IIOgQ9Uk37gZqrNMCcqEaExdkVq3Avwqok1bJFmvGMCkCE0FqzdY8VMOZpfpR3lwI+CsQ=="],

    "hono": ["hono@4.11.4", "", {}, "sha512-U7tt8JsyrxSRKspfhtLET79pU8K+tInj5QZXs1jSugO1Vq5dFj3kmZsRldo29mTBfcjDRVRXrEZ6LS63Cog9ZA=="],

    "oxfmt": ["oxfmt@0.1.0", "", { "optionalDependencies": { "@oxfmt/darwin-arm64": "0.1.0", "@oxfmt/darwin-x64": "0.1.0", "@oxfmt/linux-arm64-gnu": "0.1.0", "@oxfmt/linux-arm64-musl": "0.1.0", "@oxfmt/linux-x64-gnu": "0.1.0", "@oxfmt/linux-x64-musl": "0.1.0", "@oxfmt/win32-arm64": "0.1.0", "@oxfmt/win32-x64": "0.1.0" }, "bin": { "oxfmt": "bin/oxfmt" } }, "sha512-ASQpV4nvFF6vDZp5Rb/mx5KXLX0icFMOuIivH8nM0otmihvqtxzwUJgvvxf/EyGAytSruP78LBnw8U+tKB6h3g=="],

    "oxlint": ["oxlint@0.13.2", "", { "optionalDependencies": { "@oxlint/darwin-arm64": "0.13.2", "@oxlint/darwin-x64": "0.13.2", "@oxlint/linux-arm64-gnu": "0.13.2", "@oxlint/linux-arm64-musl": "0.13.2", "@oxlint/linux-x64-gnu": "0.13.2", "@oxlint/linux-x64-musl": "0.13.2", "@oxlint/win32-arm64": "0.13.2", "@oxlint/win32-x64": "0.13.2" }, "bin": { "oxlint": "bin/oxlint", "oxc_language_server": "bin/oxc_language_server" } }, "sha512-R7wXUspM75TeEXaAFLmuPH0W3h5B5r6BNtOvkcnVddD3BWbBiEOWe9bCqt4+te0l8wQ4a0/XLCGrJroxFFeajg=="],

    "typescript": ["typescript@5.9.3", "", { "bin": { "tsc": "bin/tsc", "tsserver": "bin/tsserver" } }, "sha512-jl1vZzPDinLr9eUt3J/t7V6FgNEw9QjvBPdysz9KfQDD41fQrC2Y4vKQdiaUpFT4bXlb1RHhLpp8wtm6M5TgSw=="],

    "undici-types": ["undici-types@7.16.0", "", {}, "sha512-Zz+aZWSj8LE6zoxD+xrjh4VfkIG8Ya6LvYkZqtUQGJPZjYl53ypCaUwWqo7eI0x66KBGeRo+mlBEkMSeSZ38Nw=="],
  }
}
